
Microsoft Visual Studio Solution File, Format Version 12.00
# Visual Studio 2013
VisualStudioVersion = 12.0.31101.0
MinimumVisualStudioVersion = 10.0.40219.1
Project("{FAE04EC0-301F-11D3-BF4B-00C04F79EFBC}") = "Lgis", "lgis\Lgis.csproj", "{88A7066B-7F07-4DC1-BDF0-40242B5E49DD}"
EndProject
Project("{FAE04EC0-301F-11D3-BF4B-00C04F79EFBC}") = "GUI", "GUI\GUI.csproj", "{2008E016-B12E-410E-88ED-DF690932A275}"
EndProject
Project("{FAE04EC0-301F-11D3-BF4B-00C04F79EFBC}") = "NetworkDemo", "NetworkDemo\NetworkDemo.csproj", "{B4E77755-70C5-4977-B1F8-51FFB241D3CA}"
EndProject
Global
	GlobalSection(SolutionConfigurationPlatforms) = preSolution
		Debug|Any CPU = Debug|Any CPU
		Debug|Mixed Platforms = Debug|Mixed Platforms
		Debug|x86 = Debug|x86
		Release|Any CPU = Release|Any CPU
		Release|Mixed Platforms = Release|Mixed Platforms
		Release|x86 = Release|x86
	EndGlobalSection
	GlobalSection(ProjectConfigurationPlatforms) = postSolution
		{88A7066B-7F07-4DC1-BDF0-40242B5E49DD}.Debug|Any CPU.ActiveCfg = Debug|x86
		{88A7066B-7F07-4DC1-BDF0-40242B5E49DD}.Debug|Mixed Platforms.ActiveCfg = Debug|x86
		{88A7066B-7F07-4DC1-BDF0-40242B5E49DD}.Debug|Mixed Platforms.Build.0 = Debug|x86
		{88A7066B-7F07-4DC1-BDF0-40242B5E49DD}.Debug|x86.ActiveCfg = Debug|x86
		{88A7066B-7F07-4DC1-BDF0-40242B5E49DD}.Debug|x86.Build.0 = Debug|x86
		{88A7066B-7F07-4DC1-BDF0-40242B5E49DD}.Release|Any CPU.ActiveCfg = Release|x86
		{88A7066B-7F07-4DC1-BDF0-40242B5E49DD}.Release|Mixed Platforms.ActiveCfg = Release|x86
		{88A7066B-7F07-4DC1-BDF0-40242B5E49DD}.Release|Mixed Platforms.Build.0 = Release|x86
		{88A7066B-7F07-4DC1-BDF0-40242B5E49DD}.Release|x86.ActiveCfg = Release|x86
		{88A7066B-7F07-4DC1-BDF0-40242B5E49DD}.Release|x86.Build.0 = Release|x86
		{2008E016-B12E-410E-88ED-DF690932A275}.Debug|Any CPU.ActiveCfg = Debug|x86
		{2008E016-B12E-410E-88ED-DF690932A275}.Debug|Mixed Platforms.ActiveCfg = Debug|x86
		{2008E016-B12E-410E-88ED-DF690932A275}.Debug|Mixed Platforms.Build.0 = Debug|x86
		{2008E016-B12E-410E-88ED-DF690932A275}.Debug|x86.ActiveCfg = Debug|x86
		{2008E016-B12E-410E-88ED-DF690932A275}.Debug|x86.Build.0 = Debug|x86
		{2008E016-B12E-410E-88ED-DF690932A275}.Release|Any CPU.ActiveCfg = Release|x86
		{2008E016-B12E-410E-88ED-DF690932A275}.Release|Mixed Platforms.ActiveCfg = Release|x86
		{2008E016-B12E-410E-88ED-DF690932A275}.Release|Mixed Platforms.Build.0 = Release|x86
		{2008E016-B12E-410E-88ED-DF690932A275}.Release|x86.ActiveCfg = Release|x86
		{2008E016-B12E-410E-88ED-DF690932A275}.Release|x86.Build.0 = Release|x86
		{B4E77755-70C5-4977-B1F8-51FFB241D3CA}.Debug|Any CPU.ActiveCfg = Debug|Any CPU
		{B4E77755-70C5-4977-B1F8-51FFB241D3CA}.Debug|Any CPU.Build.0 = Debug|Any CPU
		{B4E77755-70C5-4977-B1F8-51FFB241D3CA}.Debug|Mixed Platforms.ActiveCfg = Debug|Any CPU
		{B4E77755-70C5-4977-B1F8-51FFB241D3CA}.Debug|Mixed Platforms.Build.0 = Debug|Any CPU
		{B4E77755-70C5-4977-B1F8-51FFB241D3CA}.Debug|x86.ActiveCfg = Debug|Any CPU
		{B4E77755-70C5-4977-B1F8-51FFB241D3CA}.Release|Any CPU.ActiveCfg = Release|Any CPU
		{B4E77755-70C5-4977-B1F8-51FFB241D3CA}.Release|Any CPU.Build.0 = Release|Any CPU
		{B4E77755-70C5-4977-B1F8-51FFB241D3CA}.Release|Mixed Platforms.ActiveCfg = Release|Any CPU
		{B4E77755-70C5-4977-B1F8-51FFB241D3CA}.Release|Mixed Platforms.Build.0 = Release|Any CPU
		{B4E77755-70C5-4977-B1F8-51FFB241D3CA}.Release|x86.ActiveCfg = Release|Any CPU
	EndGlobalSection
	GlobalSection(SolutionProperties) = preSolution
		HideSolutionNode = FALSE
	EndGlobalSection
	GlobalSection(Performance) = preSolution
		HasPerformanceSessions = true
	EndGlobalSection
EndGlobal
